// !$*UTF8*$!
{
	archiveVersion = 1;
	classes = {
	};
	objectVersion = 77;
	objects = {

/* Begin PBXContainerItemProxy section */
		B6D5ABDA2D89B8E1000B72FB /* PBXContainerItemProxy */ = {
			isa = PBXContainerItemProxy;
			containerPortal = B6D5ABC02D89B8E0000B72FB /* Project object */;
			proxyType = 1;
			remoteGlobalIDString = B6D5ABC72D89B8E0000B72FB;
			remoteInfo = FileMorph;
		};
		B6D5ABE42D89B8E1000B72FB /* PBXContainerItemProxy */ = {
			isa = PBXContainerItemProxy;
			containerPortal = B6D5ABC02D89B8E0000B72FB /* Project object */;
			proxyType = 1;
			remoteGlobalIDString = B6D5ABC72D89B8E0000B72FB;
			remoteInfo = FileMorph;
		};
/* End PBXContainerItemProxy section */

/* Begin PBXFileReference section */
		B6D5ABC82D89B8E0000B72FB /* FileMorph.app */ = {isa = PBXFileReference; explicitFileType = wrapper.application; includeInIndex = 0; path = FileMorph.app; sourceTree = BUILT_PRODUCTS_DIR; };
		B6D5ABD92D89B8E1000B72FB /* FileMorphTests.xctest */ = {isa = PBXFileReference; explicitFileType = wrapper.cfbundle; includeInIndex = 0; path = FileMorphTests.xctest; sourceTree = BUILT_PRODUCTS_DIR; };
		B6D5ABE32D89B8E1000B72FB /* FileMorphUITests.xctest */ = {isa = PBXFileReference; explicitFileType = wrapper.cfbundle; includeInIndex = 0; path = FileMorphUITests.xctest; sourceTree = BUILT_PRODUCTS_DIR; };
/* End PBXFileReference section */

/* Begin PBXFileSystemSynchronizedRootGroup section */
		B6D5ABCA2D89B8E0000B72FB /* FileMorph */ = {
			isa = PBXFileSystemSynchronizedRootGroup;
			path = FileMorph;
			sourceTree = "<group>";
		};
		B6D5ABDC2D89B8E1000B72FB /* FileMorphTests */ = {
			isa = PBXFileSystemSynchronizedRootGroup;
			path = FileMorphTests;
			sourceTree = "<group>";
		};
		B6D5ABE62D89B8E1000B72FB /* FileMorphUITests */ = {
			isa = PBXFileSystemSynchronizedRootGroup;
			path = FileMorphUITests;
			sourceTree = "<group>";
		};
/* End PBXFileSystemSynchronizedRootGroup section */

/* Begin PBXFrameworksBuildPhase section */
		B6D5ABC52D89B8E0000B72FB /* Frameworks */ = {
			isa = PBXFrameworksBuildPhase;
			buildActionMask = 2147483647;
			files = (
			);
			runOnlyForDeploymentPostprocessing = 0;
		};
		B6D5ABD62D89B8E1000B72FB /* Frameworks */ = {
			isa = PBXFrameworksBuildPhase;
			buildActionMask = 2147483647;
			files = (
			);
			runOnlyForDeploymentPostprocessing = 0;
		};
		B6D5ABE02D89B8E1000B72FB /* Frameworks */ = {
			isa = PBXFrameworksBuildPhase;
			buildActionMask = 2147483647;
			files = (
			);
			runOnlyForDeploymentPostprocessing = 0;
		};
/* End PBXFrameworksBuildPhase section */

/* Begin PBXGroup section */
		B6D5ABBF2D89B8E0000B72FB = {
			isa = PBXGroup;
			children = (
				B6D5ABCA2D89B8E0000B72FB /* FileMorph */,
				B6D5ABDC2D89B8E1000B72FB /* FileMorphTests */,
				B6D5ABE62D89B8E1000B72FB /* FileMorphUITests */,
				B6D5ABC92D89B8E0000B72FB /* Products */,
			);
			sourceTree = "<group>";
		};
		B6D5ABC92D89B8E0000B72FB /* Products */ = {
			isa = PBXGroup;
			children = (
				B6D5ABC82D89B8E0000B72FB /* FileMorph.app */,
				B6D5ABD92D89B8E1000B72FB /* FileMorphTests.xctest */,
				B6D5ABE32D89B8E1000B72FB /* FileMorphUITests.xctest */,
			);
			name = Products;
			sourceTree = "<group>";
		};
/* End PBXGroup section */

/* Begin PBXNativeTarget section */
		B6D5ABC72D89B8E0000B72FB /* FileMorph */ = {
			isa = PBXNativeTarget;
			buildConfigurationList = B6D5ABED2D89B8E1000B72FB /* Build configuration list for PBXNativeTarget "FileMorph" */;
			buildPhases = (
				B6D5ABC42D89B8E0000B72FB /* Sources */,
				B6D5ABC52D89B8E0000B72FB /* Frameworks */,
				B6D5ABC62D89B8E0000B72FB /* Resources */,
			);
			buildRules = (
			);
			dependencies = (
			);
			fileSystemSynchronizedGroups = (
				B6D5ABCA2D89B8E0000B72FB /* FileMorph */,
			);
			name = FileMorph;
			packageProductDependencies = (
			);
			productName = FileMorph;
			productReference = B6D5ABC82D89B8E0000B72FB /* FileMorph.app */;
			productType = "com.apple.product-type.application";
		};
		B6D5ABD82D89B8E1000B72FB /* FileMorphTests */ = {
			isa = PBXNativeTarget;
			buildConfigurationList = B6D5ABF02D89B8E1000B72FB /* Build configuration list for PBXNativeTarget "FileMorphTests" */;
			buildPhases = (
				B6D5ABD52D89B8E1000B72FB /* Sources */,
				B6D5ABD62D89B8E1000B72FB /* Frameworks */,
				B6D5ABD72D89B8E1000B72FB /* Resources */,
			);
			buildRules = (
			);
			dependencies = (
				B6D5ABDB2D89B8E1000B72FB /* PBXTargetDependency */,
			);
			fileSystemSynchronizedGroups = (
				B6D5ABDC2D89B8E1000B72FB /* FileMorphTests */,
			);
			name = FileMorphTests;
			packageProductDependencies = (
			);
			productName = FileMorphTests;
			productReference = B6D5ABD92D89B8E1000B72FB /* FileMorphTests.xctest */;
			productType = "com.apple.product-type.bundle.unit-test";
		};
		B6D5ABE22D89B8E1000B72FB /* FileMorphUITests */ = {
			isa = PBXNativeTarget;
			buildConfigurationList = B6D5ABF32D89B8E1000B72FB /* Build configuration list for PBXNativeTarget "FileMorphUITests" */;
			buildPhases = (
				B6D5ABDF2D89B8E1000B72FB /* Sources */,
				B6D5ABE02D89B8E1000B72FB /* Frameworks */,
				B6D5ABE12D89B8E1000B72FB /* Resources */,
			);
			buildRules = (
			);
			dependencies = (
				B6D5ABE52D89B8E1000B72FB /* PBXTargetDependency */,
			);
			fileSystemSynchronizedGroups = (
				B6D5ABE62D89B8E1000B72FB /* FileMorphUITests */,
			);
			name = FileMorphUITests;
			packageProductDependencies = (
			);
			productName = FileMorphUITests;
			productReference = B6D5ABE32D89B8E1000B72FB /* FileMorphUITests.xctest */;
			productType = "com.apple.product-type.bundle.ui-testing";
		};
/* End PBXNativeTarget section */

/* Begin PBXProject section */
		B6D5ABC02D89B8E0000B72FB /* Project object */ = {
			isa = PBXProject;
			attributes = {
				BuildIndependentTargetsInParallel = 1;
				LastSwiftUpdateCheck = 1620;
				LastUpgradeCheck = 1620;
				TargetAttributes = {
					B6D5ABC72D89B8E0000B72FB = {
						CreatedOnToolsVersion = 16.2;
					};
					B6D5ABD82D89B8E1000B72FB = {
						CreatedOnToolsVersion = 16.2;
						TestTargetID = B6D5ABC72D89B8E0000B72FB;
					};
					B6D5ABE22D89B8E1000B72FB = {
						CreatedOnToolsVersion = 16.2;
						TestTargetID = B6D5ABC72D89B8E0000B72FB;
					};
				};
			};
			buildConfigurationList = B6D5ABC32D89B8E0000B72FB /* Build configuration list for PBXProject "FileMorph" */;
			developmentRegion = en;
			hasScannedForEncodings = 0;
			knownRegions = (
				en,
				Base,
			);
			mainGroup = B6D5ABBF2D89B8E0000B72FB;
			minimizedProjectReferenceProxies = 1;
			preferredProjectObjectVersion = 77;
			productRefGroup = B6D5ABC92D89B8E0000B72FB /* Products */;
			projectDirPath = "";
			projectRoot = "";
			targets = (
				B6D5ABC72D89B8E0000B72FB /* FileMorph */,
				B6D5ABD82D89B8E1000B72FB /* FileMorphTests */,
				B6D5ABE22D89B8E1000B72FB /* FileMorphUITests */,
			);
		};
/* End PBXProject section */

/* Begin PBXResourcesBuildPhase section */
		B6D5ABC62D89B8E0000B72FB /* Resources */ = {
			isa = PBXResourcesBuildPhase;
			buildActionMask = 2147483647;
			files = (
			);
			runOnlyForDeploymentPostprocessing = 0;
		};
		B6D5ABD72D89B8E1000B72FB /* Resources */ = {
			isa = PBXResourcesBuildPhase;
			buildActionMask = 2147483647;
			files = (
			);
			runOnlyForDeploymentPostprocessing = 0;
		};
		B6D5ABE12D89B8E1000B72FB /* Resources */ = {
			isa = PBXResourcesBuildPhase;
			buildActionMask = 2147483647;
			files = (
			);
			runOnlyForDeploymentPostprocessing = 0;
		};
/* End PBXResourcesBuildPhase section */

/* Begin PBXSourcesBuildPhase section */
		B6D5ABC42D89B8E0000B72FB /* Sources */ = {
			isa = PBXSourcesBuildPhase;
			buildActionMask = 2147483647;
			files = (
			);
			runOnlyForDeploymentPostprocessing = 0;
		};
		B6D5ABD52D89B8E1000B72FB /* Sources */ = {
			isa = PBXSourcesBuildPhase;
			buildActionMask = 2147483647;
			files = (
			);
			runOnlyForDeploymentPostprocessing = 0;
		};
		B6D5ABDF2D89B8E1000B72FB /* Sources */ = {
			isa = PBXSourcesBuildPhase;
			buildActionMask = 2147483647;
			files = (
			);
			runOnlyForDeploymentPostprocessing = 0;
		};
/* End PBXSourcesBuildPhase section */

/* Begin PBXTargetDependency section */
		B6D5ABDB2D89B8E1000B72FB /* PBXTargetDependency */ = {
			isa = PBXTargetDependency;
			target = B6D5ABC72D89B8E0000B72FB /* FileMorph */;
			targetProxy = B6D5ABDA2D89B8E1000B72FB /* PBXContainerItemProxy */;
		};
		B6D5ABE52D89B8E1000B72FB /* PBXTargetDependency */ = {
			isa = PBXTargetDependency;
			target = B6D5ABC72D89B8E0000B72FB /* FileMorph */;
			targetProxy = B6D5ABE42D89B8E1000B72FB /* PBXContainerItemProxy */;
		};
/* End PBXTargetDependency section */

/* Begin XCBuildConfiguration section */
		B6D5ABEB2D89B8E1000B72FB /* Debug */ = {
			isa = XCBuildConfiguration;
			buildSettings = {
				ALWAYS_SEARCH_USER_PATHS = NO;
				ASSETCATALOG_COMPILER_GENERATE_SWIFT_ASSET_SYMBOL_EXTENSIONS = YES;
				CLANG_ANALYZER_NONNULL = YES;
				CLANG_ANALYZER_NUMBER_OBJECT_CONVERSION = YES_AGGRESSIVE;
				CLANG_CXX_LANGUAGE_STANDARD = "gnu++20";
				CLANG_ENABLE_MODULES = YES;
				CLANG_ENABLE_OBJC_ARC = YES;
				CLANG_ENABLE_OBJC_WEAK = YES;
				CLANG_WARN_BLOCK_CAPTURE_AUTORELEASING = YES;
				CLANG_WARN_BOOL_CONVERSION = YES;
				CLANG_WARN_COMMA = YES;
				CLANG_WARN_CONSTANT_CONVERSION = YES;
				CLANG_WARN_DEPRECATED_OBJC_IMPLEMENTATIONS = YES;
				CLANG_WARN_DIRECT_OBJC_ISA_USAGE = YES_ERROR;
				CLANG_WARN_DOCUMENTATION_COMMENTS = YES;
				CLANG_WARN_EMPTY_BODY = YES;
				CLANG_WARN_ENUM_CONVERSION = YES;
				CLANG_WARN_INFINITE_RECURSION = YES;
				CLANG_WARN_INT_CONVERSION = YES;
				CLANG_WARN_NON_LITERAL_NULL_CONVERSION = YES;
				CLANG_WARN_OBJC_IMPLICIT_RETAIN_SELF = YES;
				CLANG_WARN_OBJC_LITERAL_CONVERSION = YES;
				CLANG_WARN_OBJC_ROOT_CLASS = YES_ERROR;
				CLANG_WARN_QUOTED_INCLUDE_IN_FRAMEWORK_HEADER = YES;
				CLANG_WARN_RANGE_LOOP_ANALYSIS = YES;
				CLANG_WARN_STRICT_PROTOTYPES = YES;
				CLANG_WARN_SUSPICIOUS_MOVE = YES;
				CLANG_WARN_UNGUARDED_AVAILABILITY = YES_AGGRESSIVE;
				CLANG_WARN_UNREACHABLE_CODE = YES;
				CLANG_WARN__DUPLICATE_METHOD_MATCH = YES;
				COPY_PHASE_STRIP = NO;
				DEBUG_INFORMATION_FORMAT = dwarf;
				ENABLE_STRICT_OBJC_MSGSEND = YES;
				ENABLE_TESTABILITY = YES;
				ENABLE_USER_SCRIPT_SANDBOXING = YES;
				GCC_C_LANGUAGE_STANDARD = gnu17;
				GCC_DYNAMIC_NO_PIC = NO;
				GCC_NO_COMMON_BLOCKS = YES;
				GCC_OPTIMIZATION_LEVEL = 0;
				GCC_PREPROCESSOR_DEFINITIONS = (
					"DEBUG=1",
					"$(inherited)",
				);
				GCC_WARN_64_TO_32_BIT_CONVERSION = YES;
				GCC_WARN_ABOUT_RETURN_TYPE = YES_ERROR;
				GCC_WARN_UNDECLARED_SELECTOR = YES;
				GCC_WARN_UNINITIALIZED_AUTOS = YES_AGGRESSIVE;
				GCC_WARN_UNUSED_FUNCTION = YES;
				GCC_WARN_UNUSED_VARIABLE = YES;
				LOCALIZATION_PREFERS_STRING_CATALOGS = YES;
				MACOSX_DEPLOYMENT_TARGET = 15.2;
				MTL_ENABLE_DEBUG_INFO = INCLUDE_SOURCE;
				MTL_FAST_MATH = YES;
				ONLY_ACTIVE_ARCH = YES;
				SDKROOT = macosx;
				SWIFT_ACTIVE_COMPILATION_CONDITIONS = "DEBUG $(inherited)";
				SWIFT_OPTIMIZATION_LEVEL = "-Onone";
			};
			name = Debug;
		};
		B6D5ABEC2D89B8E1000B72FB /* Release */ = {
			isa = XCBuildConfiguration;
			buildSettings = {
				ALWAYS_SEARCH_USER_PATHS = NO;
				ASSETCATALOG_COMPILER_GENERATE_SWIFT_ASSET_SYMBOL_EXTENSIONS = YES;
				CLANG_ANALYZER_NONNULL = YES;
				CLANG_ANALYZER_NUMBER_OBJECT_CONVERSION = YES_AGGRESSIVE;
				CLANG_CXX_LANGUAGE_STANDARD = "gnu++20";
				CLANG_ENABLE_MODULES = YES;
				CLANG_ENABLE_OBJC_ARC = YES;
				CLANG_ENABLE_OBJC_WEAK = YES;
				CLANG_WARN_BLOCK_CAPTURE_AUTORELEASING = YES;
				CLANG_WARN_BOOL_CONVERSION = YES;
				CLANG_WARN_COMMA = YES;
				CLANG_WARN_CONSTANT_CONVERSION = YES;
				CLANG_WARN_DEPRECATED_OBJC_IMPLEMENTATIONS = YES;
				CLANG_WARN_DIRECT_OBJC_ISA_USAGE = YES_ERROR;
				CLANG_WARN_DOCUMENTATION_COMMENTS = YES;
				CLANG_WARN_EMPTY_BODY = YES;
				CLANG_WARN_ENUM_CONVERSION = YES;
				CLANG_WARN_INFINITE_RECURSION = YES;
				CLANG_WARN_INT_CONVERSION = YES;
				CLANG_WARN_NON_LITERAL_NULL_CONVERSION = YES;
				CLANG_WARN_OBJC_IMPLICIT_RETAIN_SELF = YES;
				CLANG_WARN_OBJC_LITERAL_CONVERSION = YES;
				CLANG_WARN_OBJC_ROOT_CLASS = YES_ERROR;
				CLANG_WARN_QUOTED_INCLUDE_IN_FRAMEWORK_HEADER = YES;
				CLANG_WARN_RANGE_LOOP_ANALYSIS = YES;
				CLANG_WARN_STRICT_PROTOTYPES = YES;
				CLANG_WARN_SUSPICIOUS_MOVE = YES;
				CLANG_WARN_UNGUARDED_AVAILABILITY = YES_AGGRESSIVE;
				CLANG_WARN_UNREACHABLE_CODE = YES;
				CLANG_WARN__DUPLICATE_METHOD_MATCH = YES;
				COPY_PHASE_STRIP = NO;
				DEBUG_INFORMATION_FORMAT = "dwarf-with-dsym";
				ENABLE_NS_ASSERTIONS = NO;
				ENABLE_STRICT_OBJC_MSGSEND = YES;
				ENABLE_USER_SCRIPT_SANDBOXING = YES;
				GCC_C_LANGUAGE_STANDARD = gnu17;
				GCC_NO_COMMON_BLOCKS = YES;
				GCC_WARN_64_TO_32_BIT_CONVERSION = YES;
				GCC_WARN_ABOUT_RETURN_TYPE = YES_ERROR;
				GCC_WARN_UNDECLARED_SELECTOR = YES;
				GCC_WARN_UNINITIALIZED_AUTOS = YES_AGGRESSIVE;
				GCC_WARN_UNUSED_FUNCTION = YES;
				GCC_WARN_UNUSED_VARIABLE = YES;
				LOCALIZATION_PREFERS_STRING_CATALOGS = YES;
				MACOSX_DEPLOYMENT_TARGET = 15.2;
				MTL_ENABLE_DEBUG_INFO = NO;
				MTL_FAST_MATH = YES;
				SDKROOT = macosx;
				SWIFT_COMPILATION_MODE = wholemodule;
			};
			name = Release;
		};
		B6D5ABEE2D89B8E1000B72FB /* Debug */ = {
			isa = XCBuildConfiguration;
			buildSettings = {
				ASSETCATALOG_COMPILER_APPICON_NAME = AppIcon;
				ASSETCATALOG_COMPILER_GLOBAL_ACCENT_COLOR_NAME = AccentColor;
				CODE_SIGN_ENTITLEMENTS = FileMorph/FileMorph.entitlements;
				CODE_SIGN_STYLE = Automatic;
				COMBINE_HIDPI_IMAGES = YES;
				CURRENT_PROJECT_VERSION = 1;
				DEVELOPMENT_ASSET_PATHS = "\"FileMorph/Preview Content\"";
				DEVELOPMENT_TEAM = 5NL256695Y;
				ENABLE_HARDENED_RUNTIME = YES;
				ENABLE_PREVIEWS = YES;
				GENERATE_INFOPLIST_FILE = YES;
				INFOPLIST_KEY_NSHumanReadableCopyright = "";
				LD_RUNPATH_SEARCH_PATHS = (
					"$(inherited)",
					"@executable_path/../Frameworks",
				);
				MARKETING_VERSION = 1.0;
				PRODUCT_BUNDLE_IDENTIFIER = eulerlabs.FileMorph;
				PRODUCT_NAME = "$(TARGET_NAME)";
				SWIFT_EMIT_LOC_STRINGS = YES;
				SWIFT_VERSION = 5.0;
			};
			name = Debug;
		};
		B6D5ABEF2D89B8E1000B72FB /* Release */ = {
			isa = XCBuildConfiguration;
			buildSettings = {
				ASSETCATALOG_COMPILER_APPICON_NAME = AppIcon;
				ASSETCATALOG_COMPILER_GLOBAL_ACCENT_COLOR_NAME = AccentColor;
				CODE_SIGN_ENTITLEMENTS = FileMorph/FileMorph.entitlements;
				CODE_SIGN_STYLE = Automatic;
				COMBINE_HIDPI_IMAGES = YES;
				CURRENT_PROJECT_VERSION = 1;
				DEVELOPMENT_ASSET_PATHS = "\"FileMorph/Preview Content\"";
				DEVELOPMENT_TEAM = 5NL256695Y;
				ENABLE_HARDENED_RUNTIME = YES;
				ENABLE_PREVIEWS = YES;
				GENERATE_INFOPLIST_FILE = YES;
				INFOPLIST_KEY_NSHumanReadableCopyright = "";
				LD_RUNPATH_SEARCH_PATHS = (
					"$(inherited)",
					"@executable_path/../Frameworks",
				);
				MARKETING_VERSION = 1.0;
				PRODUCT_BUNDLE_IDENTIFIER = eulerlabs.FileMorph;
				PRODUCT_NAME = "$(TARGET_NAME)";
				SWIFT_EMIT_LOC_STRINGS = YES;
				SWIFT_VERSION = 5.0;
			};
			name = Release;
		};
		B6D5ABF12D89B8E1000B72FB /* Debug */ = {
			isa = XCBuildConfiguration;
			buildSettings = {
				BUNDLE_LOADER = "$(TEST_HOST)";
				CODE_SIGN_STYLE = Automatic;
				CURRENT_PROJECT_VERSION = 1;
				DEVELOPMENT_TEAM = 5NL256695Y;
				GENERATE_INFOPLIST_FILE = YES;
				MACOSX_DEPLOYMENT_TARGET = 15.2;
				MARKETING_VERSION = 1.0;
				PRODUCT_BUNDLE_IDENTIFIER = eulerlabs.FileMorphTests;
				PRODUCT_NAME = "$(TARGET_NAME)";
				SWIFT_EMIT_LOC_STRINGS = NO;
				SWIFT_VERSION = 5.0;
				TEST_HOST = "$(BUILT_PRODUCTS_DIR)/FileMorph.app/$(BUNDLE_EXECUTABLE_FOLDER_PATH)/FileMorph";
			};
			name = Debug;
		};
		B6D5ABF22D89B8E1000B72FB /* Release */ = {
			isa = XCBuildConfiguration;
			buildSettings = {
				BUNDLE_LOADER = "$(TEST_HOST)";
				CODE_SIGN_STYLE = Automatic;
				CURRENT_PROJECT_VERSION = 1;
				DEVELOPMENT_TEAM = 5NL256695Y;
				GENERATE_INFOPLIST_FILE = YES;
				MACOSX_DEPLOYMENT_TARGET = 15.2;
				MARKETING_VERSION = 1.0;
				PRODUCT_BUNDLE_IDENTIFIER = eulerlabs.FileMorphTests;
				PRODUCT_NAME = "$(TARGET_NAME)";
				SWIFT_EMIT_LOC_STRINGS = NO;
				SWIFT_VERSION = 5.0;
				TEST_HOST = "$(BUILT_PRODUCTS_DIR)/FileMorph.app/$(BUNDLE_EXECUTABLE_FOLDER_PATH)/FileMorph";
			};
			name = Release;
		};
		B6D5ABF42D89B8E1000B72FB /* Debug */ = {
			isa = XCBuildConfiguration;
			buildSettings = {
				CODE_SIGN_STYLE = Automatic;
				CURRENT_PROJECT_VERSION = 1;
				DEVELOPMENT_TEAM = 5NL256695Y;
				GENERATE_INFOPLIST_FILE = YES;
				MARKETING_VERSION = 1.0;
				PRODUCT_BUNDLE_IDENTIFIER = eulerlabs.FileMorphUITests;
				PRODUCT_NAME = "$(TARGET_NAME)";
				SWIFT_EMIT_LOC_STRINGS = NO;
				SWIFT_VERSION = 5.0;
				TEST_TARGET_NAME = FileMorph;
			};
			name = Debug;
		};
		B6D5ABF52D89B8E1000B72FB /* Release */ = {
			isa = XCBuildConfiguration;
			buildSettings = {
				CODE_SIGN_STYLE = Automatic;
				CURRENT_PROJECT_VERSION = 1;
				DEVELOPMENT_TEAM = 5NL256695Y;
				GENERATE_INFOPLIST_FILE = YES;
				MARKETING_VERSION = 1.0;
				PRODUCT_BUNDLE_IDENTIFIER = eulerlabs.FileMorphUITests;
				PRODUCT_NAME = "$(TARGET_NAME)";
				SWIFT_EMIT_LOC_STRINGS = NO;
				SWIFT_VERSION = 5.0;
				TEST_TARGET_NAME = FileMorph;
			};
			name = Release;
		};
/* End XCBuildConfiguration section */

/* Begin XCConfigurationList section */
		B6D5ABC32D89B8E0000B72FB /* Build configuration list for PBXProject "FileMorph" */ = {
			isa = XCConfigurationList;
			buildConfigurations = (
				B6D5ABEB2D89B8E1000B72FB /* Debug */,
				B6D5ABEC2D89B8E1000B72FB /* Release */,
			);
			defaultConfigurationIsVisible = 0;
			defaultConfigurationName = Release;
		};
		B6D5ABED2D89B8E1000B72FB /* Build configuration list for PBXNativeTarget "FileMorph" */ = {
			isa = XCConfigurationList;
			buildConfigurations = (
				B6D5ABEE2D89B8E1000B72FB /* Debug */,
				B6D5ABEF2D89B8E1000B72FB /* Release */,
			);
			defaultConfigurationIsVisible = 0;
			defaultConfigurationName = Release;
		};
		B6D5ABF02D89B8E1000B72FB /* Build configuration list for PBXNativeTarget "FileMorphTests" */ = {
			isa = XCConfigurationList;
			buildConfigurations = (
				B6D5ABF12D89B8E1000B72FB /* Debug */,
				B6D5ABF22D89B8E1000B72FB /* Release */,
			);
			defaultConfigurationIsVisible = 0;
			defaultConfigurationName = Release;
		};
		B6D5ABF32D89B8E1000B72FB /* Build configuration list for PBXNativeTarget "FileMorphUITests" */ = {
			isa = XCConfigurationList;
			buildConfigurations = (
				B6D5ABF42D89B8E1000B72FB /* Debug */,
				B6D5ABF52D89B8E1000B72FB /* Release */,
			);
			defaultConfigurationIsVisible = 0;
			defaultConfigurationName = Release;
		};
/* End XCConfigurationList section */
	};
	rootObject = B6D5ABC02D89B8E0000B72FB /* Project object */;
}
